
Microsoft Visual Studio Solution File, Format Version 12.00
# Visual Studio Version 16
VisualStudioVersion = 16.0.31129.286
MinimumVisualStudioVersion = 10.0.40219.1
Project("{9A19103F-16F7-4668-BE54-9A1E7A4F7556}") = "Colections", "Colections\Colections.csproj", "{D476587D-46AB-4A6E-87BD-9A934D156D23}"
EndProject
Project("{FAE04EC0-301F-11D3-BF4B-00C04F79EFBC}") = "GenericsIntro", "GenericsIntro\GenericsIntro.csproj", "{715795E6-3259-49CB-A6D1-F11172D6BAA4}"
EndProject
Global
	GlobalSection(SolutionConfigurationPlatforms) = preSolution
		Debug|Any CPU = Debug|Any CPU
		Release|Any CPU = Release|Any CPU
	EndGlobalSection
	GlobalSection(ProjectConfigurationPlatforms) = postSolution
		{D476587D-46AB-4A6E-87BD-9A934D156D23}.Debug|Any CPU.ActiveCfg = Debug|Any CPU
		{D476587D-46AB-4A6E-87BD-9A934D156D23}.Debug|Any CPU.Build.0 = Debug|Any CPU
		{D476587D-46AB-4A6E-87BD-9A934D156D23}.Release|Any CPU.ActiveCfg = Release|Any CPU
		{D476587D-46AB-4A6E-87BD-9A934D156D23}.Release|Any CPU.Build.0 = Release|Any CPU
		{715795E6-3259-49CB-A6D1-F11172D6BAA4}.Debug|Any CPU.ActiveCfg = Debug|Any CPU
		{715795E6-3259-49CB-A6D1-F11172D6BAA4}.Debug|Any CPU.Build.0 = Debug|Any CPU
		{715795E6-3259-49CB-A6D1-F11172D6BAA4}.Release|Any CPU.ActiveCfg = Release|Any CPU
		{715795E6-3259-49CB-A6D1-F11172D6BAA4}.Release|Any CPU.Build.0 = Release|Any CPU
	EndGlobalSection
	GlobalSection(SolutionProperties) = preSolution
		HideSolutionNode = FALSE
	EndGlobalSection
	GlobalSection(ExtensibilityGlobals) = postSolution
		SolutionGuid = {D722BFE9-B5BE-4E30-A4BF-E8B6EC01390A}
	EndGlobalSection
EndGlobal
